
Microsoft Visual Studio Solution File, Format Version 12.00
# Visual Studio 14
VisualStudioVersion = 14.0.24720.0
MinimumVisualStudioVersion = 10.0.40219.1
Project("{FAE04EC0-301F-11D3-BF4B-00C04F79EFBC}") = "Itinero", "Itinero\Itinero.csproj", "{2F4D2B40-D557-4640-96E1-693D598012A6}"
EndProject
Project("{FAE04EC0-301F-11D3-BF4B-00C04F79EFBC}") = "Itinero.Geo", "Itinero.Geo\Itinero.Geo.csproj", "{CE277E7D-A9E3-4C76-A4DC-1760BC33977D}"
EndProject
Project("{FAE04EC0-301F-11D3-BF4B-00C04F79EFBC}") = "Itinero.IO.Osm", "Itinero.IO.Osm\Itinero.IO.Osm.csproj", "{0E89A73F-FF3D-418F-8ED6-5025DB2CDE8E}"
EndProject
Project("{FAE04EC0-301F-11D3-BF4B-00C04F79EFBC}") = "Itinero.Test", "Itinero.Test\Itinero.Test.csproj", "{A0994CCC-D71E-4DC1-99BB-C52F52093B1F}"
EndProject
Global
	GlobalSection(SolutionConfigurationPlatforms) = preSolution
		Debug|Any CPU = Debug|Any CPU
		Release|Any CPU = Release|Any CPU
	EndGlobalSection
	GlobalSection(ProjectConfigurationPlatforms) = postSolution
		{2F4D2B40-D557-4640-96E1-693D598012A6}.Debug|Any CPU.ActiveCfg = Debug|Any CPU
		{2F4D2B40-D557-4640-96E1-693D598012A6}.Debug|Any CPU.Build.0 = Debug|Any CPU
		{2F4D2B40-D557-4640-96E1-693D598012A6}.Release|Any CPU.ActiveCfg = Release|Any CPU
		{2F4D2B40-D557-4640-96E1-693D598012A6}.Release|Any CPU.Build.0 = Release|Any CPU
		{CE277E7D-A9E3-4C76-A4DC-1760BC33977D}.Debug|Any CPU.ActiveCfg = Debug|Any CPU
		{CE277E7D-A9E3-4C76-A4DC-1760BC33977D}.Debug|Any CPU.Build.0 = Debug|Any CPU
		{CE277E7D-A9E3-4C76-A4DC-1760BC33977D}.Release|Any CPU.ActiveCfg = Release|Any CPU
		{CE277E7D-A9E3-4C76-A4DC-1760BC33977D}.Release|Any CPU.Build.0 = Release|Any CPU
		{0E89A73F-FF3D-418F-8ED6-5025DB2CDE8E}.Debug|Any CPU.ActiveCfg = Debug|Any CPU
		{0E89A73F-FF3D-418F-8ED6-5025DB2CDE8E}.Debug|Any CPU.Build.0 = Debug|Any CPU
		{0E89A73F-FF3D-418F-8ED6-5025DB2CDE8E}.Release|Any CPU.ActiveCfg = Release|Any CPU
		{0E89A73F-FF3D-418F-8ED6-5025DB2CDE8E}.Release|Any CPU.Build.0 = Release|Any CPU
		{A0994CCC-D71E-4DC1-99BB-C52F52093B1F}.Debug|Any CPU.ActiveCfg = Debug|Any CPU
		{A0994CCC-D71E-4DC1-99BB-C52F52093B1F}.Debug|Any CPU.Build.0 = Debug|Any CPU
		{A0994CCC-D71E-4DC1-99BB-C52F52093B1F}.Release|Any CPU.ActiveCfg = Release|Any CPU
		{A0994CCC-D71E-4DC1-99BB-C52F52093B1F}.Release|Any CPU.Build.0 = Release|Any CPU
	EndGlobalSection
	GlobalSection(SolutionProperties) = preSolution
		HideSolutionNode = FALSE
	EndGlobalSection
	GlobalSection(MonoDevelopProperties) = preSolution
		StartupItem = OsmSharp.WinForms.UI.Sample\OsmSharp.WinForms.UI.Sample.csproj
	EndGlobalSection
EndGlobal
