
Microsoft Visual Studio Solution File, Format Version 12.00
# Visual Studio 15
VisualStudioVersion = 15.0.27004.2009
MinimumVisualStudioVersion = 10.0.40219.1
Project("{2150E333-8FDC-42A3-9474-1A3956D46DE8}") = "src", "src", "{4B330D21-2EE5-4C34-B716-0DB1FBC58E29}"
EndProject
Project("{2150E333-8FDC-42A3-9474-1A3956D46DE8}") = "Solution Items", "Solution Items", "{C142786B-F60E-4B6B-B9F2-1D25C3A3D7B5}"
	ProjectSection(SolutionItems) = preProject
		.gitignore = .gitignore
		CONTRIBUTING.md = CONTRIBUTING.md
		LICENSE.md = LICENSE.md
		NOTICE.md = NOTICE.md
		README.md = README.md
		SharedAssemblyVersion.cs = SharedAssemblyVersion.cs
		test.sh = test.sh
		build.sh = build.sh
	EndProjectSection
EndProject
Project("{2150E333-8FDC-42A3-9474-1A3956D46DE8}") = "test", "test", "{7E594B3F-4CA9-4198-B90D-DD16972D0481}"
EndProject
Project("{2150E333-8FDC-42A3-9474-1A3956D46DE8}") = "samples", "samples", "{77BC0AC3-41A6-4672-A3AB-9C27710756BE}"
EndProject
Project("{2150E333-8FDC-42A3-9474-1A3956D46DE8}") = "nuspec", "nuspec", "{8BEE6496-C8C3-4815-8481-530E6706717B}"
	ProjectSection(SolutionItems) = preProject
		nuspec\Itinero.IO.Osm.nuspec = nuspec\Itinero.IO.Osm.nuspec
		nuspec\Itinero.nuspec = nuspec\Itinero.nuspec
		nuspec\Itinero.Geo.nuspec = nuspec\Itinero.Geo.nuspec
		nuspec\Itinero.IO.Shape.nuspec = nuspec\Itinero.IO.Shape.nuspec
	EndProjectSection
EndProject
Project("{9A19103F-16F7-4668-BE54-9A1E7A4F7556}") = "Itinero", "src\Itinero\Itinero.csproj", "{97D8404B-8C3C-4A15-BB44-F54C15C0DE67}"
EndProject
Project("{9A19103F-16F7-4668-BE54-9A1E7A4F7556}") = "Itinero.IO.Osm", "src\Itinero.IO.Osm\Itinero.IO.Osm.csproj", "{232998A3-367A-46FE-B99D-2ECA7232D41C}"
EndProject
Project("{9A19103F-16F7-4668-BE54-9A1E7A4F7556}") = "Sample.Basic", "samples\Sample.Basic\Sample.Basic.csproj", "{F09F3647-D7BB-40B6-9381-C95217293CD3}"
EndProject
Project("{9A19103F-16F7-4668-BE54-9A1E7A4F7556}") = "Sample.Matrix", "samples\Sample.Matrix\Sample.Matrix.csproj", "{A7F38E85-F6D3-41B7-9B17-DC4B651EFB8D}"
EndProject
Project("{2150E333-8FDC-42A3-9474-1A3956D46DE8}") = "releasenotes", "releasenotes", "{7B0DAA6C-67CD-4BCD-97AC-B81804EAA2F8}"
	ProjectSection(SolutionItems) = preProject
		docs\releasenotes\itinero-1.1.0.md = docs\releasenotes\itinero-1.1.0.md
		docs\releasenotes\itinero-1.1.1.md = docs\releasenotes\itinero-1.1.1.md
		docs\releasenotes\itinero-1.2.0.md = docs\releasenotes\itinero-1.2.0.md
		docs\releasenotes\itinero-1.3.0.md = docs\releasenotes\itinero-1.3.0.md
		docs\releasenotes\itinero-1.3.1.md = docs\releasenotes\itinero-1.3.1.md
		docs\releasenotes\itinero-1.3.2.md = docs\releasenotes\itinero-1.3.2.md
	EndProjectSection
EndProject
Project("{9A19103F-16F7-4668-BE54-9A1E7A4F7556}") = "Sample.Elevation", "samples\Sample.Elevation\Sample.Elevation.csproj", "{A0B7D351-6EF0-44E6-986D-60A8177E3550}"
EndProject
Project("{9A19103F-16F7-4668-BE54-9A1E7A4F7556}") = "Itinero.Test", "test\Itinero.Test\Itinero.Test.csproj", "{F88DC509-13DE-4973-98CA-8667F07CC59E}"
EndProject
Project("{9A19103F-16F7-4668-BE54-9A1E7A4F7556}") = "Itinero.Test.Functional", "test\Itinero.Test.Functional\Itinero.Test.Functional.csproj", "{9D719B37-42DD-486A-9FFC-CD8B0230D114}"
EndProject
Project("{FAE04EC0-301F-11D3-BF4B-00C04F79EFBC}") = "Itinero.Geo", "src\Itinero.Geo\Itinero.Geo.csproj", "{87E5FF87-E75F-4462-937F-538AB570EE1F}"
EndProject
Project("{FAE04EC0-301F-11D3-BF4B-00C04F79EFBC}") = "Itinero.IO.Shape", "src\Itinero.IO.Shape\Itinero.IO.Shape.csproj", "{C18E5106-ECC6-4C7B-A611-7D8514B0D3BD}"
EndProject
Project("{FAE04EC0-301F-11D3-BF4B-00C04F79EFBC}") = "Sample.Shape", "samples\Sample.Shape\Sample.Shape.csproj", "{EB6A7F79-3540-4E31-A1A8-3ADA0F232E67}"
EndProject
Global
	GlobalSection(SolutionConfigurationPlatforms) = preSolution
		Debug|Any CPU = Debug|Any CPU
		Debug|x64 = Debug|x64
		Release|Any CPU = Release|Any CPU
		Release|x64 = Release|x64
	EndGlobalSection
	GlobalSection(ProjectConfigurationPlatforms) = postSolution
		{97D8404B-8C3C-4A15-BB44-F54C15C0DE67}.Debug|Any CPU.ActiveCfg = Debug|Any CPU
		{97D8404B-8C3C-4A15-BB44-F54C15C0DE67}.Debug|Any CPU.Build.0 = Debug|Any CPU
		{97D8404B-8C3C-4A15-BB44-F54C15C0DE67}.Debug|x64.ActiveCfg = Debug|Any CPU
		{97D8404B-8C3C-4A15-BB44-F54C15C0DE67}.Debug|x64.Build.0 = Debug|Any CPU
		{97D8404B-8C3C-4A15-BB44-F54C15C0DE67}.Release|Any CPU.ActiveCfg = Release|Any CPU
		{97D8404B-8C3C-4A15-BB44-F54C15C0DE67}.Release|Any CPU.Build.0 = Release|Any CPU
		{97D8404B-8C3C-4A15-BB44-F54C15C0DE67}.Release|x64.ActiveCfg = Release|Any CPU
		{97D8404B-8C3C-4A15-BB44-F54C15C0DE67}.Release|x64.Build.0 = Release|Any CPU
		{232998A3-367A-46FE-B99D-2ECA7232D41C}.Debug|Any CPU.ActiveCfg = Debug|Any CPU
		{232998A3-367A-46FE-B99D-2ECA7232D41C}.Debug|Any CPU.Build.0 = Debug|Any CPU
		{232998A3-367A-46FE-B99D-2ECA7232D41C}.Debug|x64.ActiveCfg = Debug|Any CPU
		{232998A3-367A-46FE-B99D-2ECA7232D41C}.Debug|x64.Build.0 = Debug|Any CPU
		{232998A3-367A-46FE-B99D-2ECA7232D41C}.Release|Any CPU.ActiveCfg = Release|Any CPU
		{232998A3-367A-46FE-B99D-2ECA7232D41C}.Release|Any CPU.Build.0 = Release|Any CPU
		{232998A3-367A-46FE-B99D-2ECA7232D41C}.Release|x64.ActiveCfg = Release|Any CPU
		{232998A3-367A-46FE-B99D-2ECA7232D41C}.Release|x64.Build.0 = Release|Any CPU
		{F09F3647-D7BB-40B6-9381-C95217293CD3}.Debug|Any CPU.ActiveCfg = Debug|Any CPU
		{F09F3647-D7BB-40B6-9381-C95217293CD3}.Debug|Any CPU.Build.0 = Debug|Any CPU
		{F09F3647-D7BB-40B6-9381-C95217293CD3}.Debug|x64.ActiveCfg = Debug|Any CPU
		{F09F3647-D7BB-40B6-9381-C95217293CD3}.Debug|x64.Build.0 = Debug|Any CPU
		{F09F3647-D7BB-40B6-9381-C95217293CD3}.Release|Any CPU.ActiveCfg = Release|Any CPU
		{F09F3647-D7BB-40B6-9381-C95217293CD3}.Release|Any CPU.Build.0 = Release|Any CPU
		{F09F3647-D7BB-40B6-9381-C95217293CD3}.Release|x64.ActiveCfg = Release|Any CPU
		{F09F3647-D7BB-40B6-9381-C95217293CD3}.Release|x64.Build.0 = Release|Any CPU
		{A7F38E85-F6D3-41B7-9B17-DC4B651EFB8D}.Debug|Any CPU.ActiveCfg = Debug|Any CPU
		{A7F38E85-F6D3-41B7-9B17-DC4B651EFB8D}.Debug|Any CPU.Build.0 = Debug|Any CPU
		{A7F38E85-F6D3-41B7-9B17-DC4B651EFB8D}.Debug|x64.ActiveCfg = Debug|Any CPU
		{A7F38E85-F6D3-41B7-9B17-DC4B651EFB8D}.Debug|x64.Build.0 = Debug|Any CPU
		{A7F38E85-F6D3-41B7-9B17-DC4B651EFB8D}.Release|Any CPU.ActiveCfg = Release|Any CPU
		{A7F38E85-F6D3-41B7-9B17-DC4B651EFB8D}.Release|Any CPU.Build.0 = Release|Any CPU
		{A7F38E85-F6D3-41B7-9B17-DC4B651EFB8D}.Release|x64.ActiveCfg = Release|Any CPU
		{A7F38E85-F6D3-41B7-9B17-DC4B651EFB8D}.Release|x64.Build.0 = Release|Any CPU
		{A0B7D351-6EF0-44E6-986D-60A8177E3550}.Debug|Any CPU.ActiveCfg = Debug|Any CPU
		{A0B7D351-6EF0-44E6-986D-60A8177E3550}.Debug|Any CPU.Build.0 = Debug|Any CPU
		{A0B7D351-6EF0-44E6-986D-60A8177E3550}.Debug|x64.ActiveCfg = Debug|Any CPU
		{A0B7D351-6EF0-44E6-986D-60A8177E3550}.Debug|x64.Build.0 = Debug|Any CPU
		{A0B7D351-6EF0-44E6-986D-60A8177E3550}.Release|Any CPU.ActiveCfg = Release|Any CPU
		{A0B7D351-6EF0-44E6-986D-60A8177E3550}.Release|Any CPU.Build.0 = Release|Any CPU
		{A0B7D351-6EF0-44E6-986D-60A8177E3550}.Release|x64.ActiveCfg = Release|Any CPU
		{A0B7D351-6EF0-44E6-986D-60A8177E3550}.Release|x64.Build.0 = Release|Any CPU
		{F88DC509-13DE-4973-98CA-8667F07CC59E}.Debug|Any CPU.ActiveCfg = Debug|Any CPU
		{F88DC509-13DE-4973-98CA-8667F07CC59E}.Debug|Any CPU.Build.0 = Debug|Any CPU
		{F88DC509-13DE-4973-98CA-8667F07CC59E}.Debug|x64.ActiveCfg = Debug|Any CPU
		{F88DC509-13DE-4973-98CA-8667F07CC59E}.Debug|x64.Build.0 = Debug|Any CPU
		{F88DC509-13DE-4973-98CA-8667F07CC59E}.Release|Any CPU.ActiveCfg = Release|Any CPU
		{F88DC509-13DE-4973-98CA-8667F07CC59E}.Release|Any CPU.Build.0 = Release|Any CPU
		{F88DC509-13DE-4973-98CA-8667F07CC59E}.Release|x64.ActiveCfg = Release|Any CPU
		{F88DC509-13DE-4973-98CA-8667F07CC59E}.Release|x64.Build.0 = Release|Any CPU
		{9D719B37-42DD-486A-9FFC-CD8B0230D114}.Debug|Any CPU.ActiveCfg = Debug|Any CPU
		{9D719B37-42DD-486A-9FFC-CD8B0230D114}.Debug|Any CPU.Build.0 = Debug|Any CPU
		{9D719B37-42DD-486A-9FFC-CD8B0230D114}.Debug|x64.ActiveCfg = Debug|Any CPU
		{9D719B37-42DD-486A-9FFC-CD8B0230D114}.Debug|x64.Build.0 = Debug|Any CPU
		{9D719B37-42DD-486A-9FFC-CD8B0230D114}.Release|Any CPU.ActiveCfg = Release|Any CPU
		{9D719B37-42DD-486A-9FFC-CD8B0230D114}.Release|Any CPU.Build.0 = Release|Any CPU
		{9D719B37-42DD-486A-9FFC-CD8B0230D114}.Release|x64.ActiveCfg = Release|Any CPU
		{9D719B37-42DD-486A-9FFC-CD8B0230D114}.Release|x64.Build.0 = Release|Any CPU
		{87E5FF87-E75F-4462-937F-538AB570EE1F}.Debug|Any CPU.ActiveCfg = Debug|Any CPU
		{87E5FF87-E75F-4462-937F-538AB570EE1F}.Debug|Any CPU.Build.0 = Debug|Any CPU
		{87E5FF87-E75F-4462-937F-538AB570EE1F}.Debug|x64.ActiveCfg = Debug|Any CPU
		{87E5FF87-E75F-4462-937F-538AB570EE1F}.Debug|x64.Build.0 = Debug|Any CPU
		{87E5FF87-E75F-4462-937F-538AB570EE1F}.Release|Any CPU.ActiveCfg = Release|Any CPU
		{87E5FF87-E75F-4462-937F-538AB570EE1F}.Release|Any CPU.Build.0 = Release|Any CPU
		{87E5FF87-E75F-4462-937F-538AB570EE1F}.Release|x64.ActiveCfg = Release|Any CPU
		{87E5FF87-E75F-4462-937F-538AB570EE1F}.Release|x64.Build.0 = Release|Any CPU
		{C18E5106-ECC6-4C7B-A611-7D8514B0D3BD}.Debug|Any CPU.ActiveCfg = Debug|Any CPU
		{C18E5106-ECC6-4C7B-A611-7D8514B0D3BD}.Debug|Any CPU.Build.0 = Debug|Any CPU
		{C18E5106-ECC6-4C7B-A611-7D8514B0D3BD}.Debug|x64.ActiveCfg = Debug|Any CPU
		{C18E5106-ECC6-4C7B-A611-7D8514B0D3BD}.Debug|x64.Build.0 = Debug|Any CPU
		{C18E5106-ECC6-4C7B-A611-7D8514B0D3BD}.Release|Any CPU.ActiveCfg = Release|Any CPU
		{C18E5106-ECC6-4C7B-A611-7D8514B0D3BD}.Release|Any CPU.Build.0 = Release|Any CPU
		{C18E5106-ECC6-4C7B-A611-7D8514B0D3BD}.Release|x64.ActiveCfg = Release|Any CPU
		{C18E5106-ECC6-4C7B-A611-7D8514B0D3BD}.Release|x64.Build.0 = Release|Any CPU
		{EB6A7F79-3540-4E31-A1A8-3ADA0F232E67}.Debug|Any CPU.ActiveCfg = Debug|Any CPU
		{EB6A7F79-3540-4E31-A1A8-3ADA0F232E67}.Debug|Any CPU.Build.0 = Debug|Any CPU
		{EB6A7F79-3540-4E31-A1A8-3ADA0F232E67}.Debug|x64.ActiveCfg = Debug|Any CPU
		{EB6A7F79-3540-4E31-A1A8-3ADA0F232E67}.Debug|x64.Build.0 = Debug|Any CPU
		{EB6A7F79-3540-4E31-A1A8-3ADA0F232E67}.Release|Any CPU.ActiveCfg = Release|Any CPU
		{EB6A7F79-3540-4E31-A1A8-3ADA0F232E67}.Release|Any CPU.Build.0 = Release|Any CPU
		{EB6A7F79-3540-4E31-A1A8-3ADA0F232E67}.Release|x64.ActiveCfg = Release|Any CPU
		{EB6A7F79-3540-4E31-A1A8-3ADA0F232E67}.Release|x64.Build.0 = Release|Any CPU
	EndGlobalSection
	GlobalSection(SolutionProperties) = preSolution
		HideSolutionNode = FALSE
	EndGlobalSection
	GlobalSection(NestedProjects) = preSolution
		{97D8404B-8C3C-4A15-BB44-F54C15C0DE67} = {4B330D21-2EE5-4C34-B716-0DB1FBC58E29}
		{232998A3-367A-46FE-B99D-2ECA7232D41C} = {4B330D21-2EE5-4C34-B716-0DB1FBC58E29}
		{F09F3647-D7BB-40B6-9381-C95217293CD3} = {77BC0AC3-41A6-4672-A3AB-9C27710756BE}
		{A7F38E85-F6D3-41B7-9B17-DC4B651EFB8D} = {77BC0AC3-41A6-4672-A3AB-9C27710756BE}
		{A0B7D351-6EF0-44E6-986D-60A8177E3550} = {77BC0AC3-41A6-4672-A3AB-9C27710756BE}
		{F88DC509-13DE-4973-98CA-8667F07CC59E} = {7E594B3F-4CA9-4198-B90D-DD16972D0481}
		{9D719B37-42DD-486A-9FFC-CD8B0230D114} = {7E594B3F-4CA9-4198-B90D-DD16972D0481}
		{87E5FF87-E75F-4462-937F-538AB570EE1F} = {4B330D21-2EE5-4C34-B716-0DB1FBC58E29}
		{C18E5106-ECC6-4C7B-A611-7D8514B0D3BD} = {4B330D21-2EE5-4C34-B716-0DB1FBC58E29}
		{EB6A7F79-3540-4E31-A1A8-3ADA0F232E67} = {77BC0AC3-41A6-4672-A3AB-9C27710756BE}
	EndGlobalSection
	GlobalSection(ExtensibilityGlobals) = postSolution
		SolutionGuid = {647068E9-BC76-4E51-B225-D6BBD4689F76}
	EndGlobalSection
	GlobalSection(ExtensibilityGlobals) = postSolution
		SolutionGuid = {B9A2B2E1-FE8E-4F87-80E2-1A3F620ED1E8}
	EndGlobalSection
EndGlobal
