
Microsoft Visual Studio Solution File, Format Version 12.00
# Visual Studio 15
VisualStudioVersion = 15.0.26228.4
MinimumVisualStudioVersion = 10.0.40219.1
Project("{2150E333-8FDC-42A3-9474-1A3956D46DE8}") = "src", "src", "{4B330D21-2EE5-4C34-B716-0DB1FBC58E29}"
EndProject
Project("{2150E333-8FDC-42A3-9474-1A3956D46DE8}") = "Solution Items", "Solution Items", "{C142786B-F60E-4B6B-B9F2-1D25C3A3D7B5}"
	ProjectSection(SolutionItems) = preProject
		.gitignore = .gitignore
		CONTRIBUTING.md = CONTRIBUTING.md
		LICENSE.md = LICENSE.md
		NOTICE.md = NOTICE.md
		README.md = README.md
	EndProjectSection
EndProject
Project("{2150E333-8FDC-42A3-9474-1A3956D46DE8}") = "test", "test", "{7E594B3F-4CA9-4198-B90D-DD16972D0481}"
EndProject
Project("{2150E333-8FDC-42A3-9474-1A3956D46DE8}") = "samples", "samples", "{77BC0AC3-41A6-4672-A3AB-9C27710756BE}"
EndProject
Project("{2150E333-8FDC-42A3-9474-1A3956D46DE8}") = "nuspec", "nuspec", "{8BEE6496-C8C3-4815-8481-530E6706717B}"
	ProjectSection(SolutionItems) = preProject
		nuspec\Itinero.Geo.nuspec = nuspec\Itinero.Geo.nuspec
		nuspec\Itinero.IO.Osm.nuspec = nuspec\Itinero.IO.Osm.nuspec
		nuspec\Itinero.IO.Shape.nuspec = nuspec\Itinero.IO.Shape.nuspec
		nuspec\Itinero.nuspec = nuspec\Itinero.nuspec
	EndProjectSection
EndProject
Project("{9A19103F-16F7-4668-BE54-9A1E7A4F7556}") = "Itinero", "src\Itinero\Itinero.csproj", "{97D8404B-8C3C-4A15-BB44-F54C15C0DE67}"
EndProject
Project("{9A19103F-16F7-4668-BE54-9A1E7A4F7556}") = "Itinero.IO.Osm", "src\Itinero.IO.Osm\Itinero.IO.Osm.csproj", "{232998A3-367A-46FE-B99D-2ECA7232D41C}"
EndProject
Project("{9A19103F-16F7-4668-BE54-9A1E7A4F7556}") = "Itinero.Geo", "src\Itinero.Geo\Itinero.Geo.csproj", "{596D3128-D18F-49F0-A7AD-2D94362819B8}"
EndProject
Project("{9A19103F-16F7-4668-BE54-9A1E7A4F7556}") = "Itinero.Test", "test\Itinero.Test\Itinero.Test.csproj", "{29ECC1BD-65CC-49DB-8721-EE109562EB07}"
EndProject
Project("{9A19103F-16F7-4668-BE54-9A1E7A4F7556}") = "Itinero.Test.Functional", "test\Itinero.Test.Functional\Itinero.Test.Functional.csproj", "{E0F21CB3-0206-44D2-9CC4-25370597F777}"
EndProject
Project("{9A19103F-16F7-4668-BE54-9A1E7A4F7556}") = "Itinero.IO.Shape", "src\Itinero.IO.Shape\Itinero.IO.Shape.csproj", "{79003AC2-B9AF-4F51-AA95-C061771A9689}"
EndProject
Project("{9A19103F-16F7-4668-BE54-9A1E7A4F7556}") = "Sample.Shape", "samples\Sample.Shape\Sample.Shape.csproj", "{D5ECDEE9-57D6-4321-A3EB-B4C6BC486C06}"
EndProject
Project("{9A19103F-16F7-4668-BE54-9A1E7A4F7556}") = "Itinero.Test.Runner", "test\Itinero.Test.Runner\Itinero.Test.Runner.csproj", "{39D881BC-D794-4485-8B59-8FEB01A8140C}"
EndProject
Project("{9A19103F-16F7-4668-BE54-9A1E7A4F7556}") = "Sample.Basic", "samples\Sample.Basic\Sample.Basic.csproj", "{F09F3647-D7BB-40B6-9381-C95217293CD3}"
EndProject
Project("{9A19103F-16F7-4668-BE54-9A1E7A4F7556}") = "Sample.Matrix", "samples\Sample.Matrix\Sample.Matrix.csproj", "{A7F38E85-F6D3-41B7-9B17-DC4B651EFB8D}"
EndProject
Global
	GlobalSection(SolutionConfigurationPlatforms) = preSolution
		Debug|Any CPU = Debug|Any CPU
		Debug|x64 = Debug|x64
		Release|Any CPU = Release|Any CPU
		Release|x64 = Release|x64
	EndGlobalSection
	GlobalSection(ProjectConfigurationPlatforms) = postSolution
		{97D8404B-8C3C-4A15-BB44-F54C15C0DE67}.Debug|Any CPU.ActiveCfg = Debug|Any CPU
		{97D8404B-8C3C-4A15-BB44-F54C15C0DE67}.Debug|Any CPU.Build.0 = Debug|Any CPU
		{97D8404B-8C3C-4A15-BB44-F54C15C0DE67}.Debug|x64.ActiveCfg = Debug|Any CPU
		{97D8404B-8C3C-4A15-BB44-F54C15C0DE67}.Debug|x64.Build.0 = Debug|Any CPU
		{97D8404B-8C3C-4A15-BB44-F54C15C0DE67}.Release|Any CPU.ActiveCfg = Release|Any CPU
		{97D8404B-8C3C-4A15-BB44-F54C15C0DE67}.Release|Any CPU.Build.0 = Release|Any CPU
		{97D8404B-8C3C-4A15-BB44-F54C15C0DE67}.Release|x64.ActiveCfg = Release|Any CPU
		{97D8404B-8C3C-4A15-BB44-F54C15C0DE67}.Release|x64.Build.0 = Release|Any CPU
		{232998A3-367A-46FE-B99D-2ECA7232D41C}.Debug|Any CPU.ActiveCfg = Debug|Any CPU
		{232998A3-367A-46FE-B99D-2ECA7232D41C}.Debug|Any CPU.Build.0 = Debug|Any CPU
		{232998A3-367A-46FE-B99D-2ECA7232D41C}.Debug|x64.ActiveCfg = Debug|Any CPU
		{232998A3-367A-46FE-B99D-2ECA7232D41C}.Debug|x64.Build.0 = Debug|Any CPU
		{232998A3-367A-46FE-B99D-2ECA7232D41C}.Release|Any CPU.ActiveCfg = Release|Any CPU
		{232998A3-367A-46FE-B99D-2ECA7232D41C}.Release|Any CPU.Build.0 = Release|Any CPU
		{232998A3-367A-46FE-B99D-2ECA7232D41C}.Release|x64.ActiveCfg = Release|Any CPU
		{232998A3-367A-46FE-B99D-2ECA7232D41C}.Release|x64.Build.0 = Release|Any CPU
		{596D3128-D18F-49F0-A7AD-2D94362819B8}.Debug|Any CPU.ActiveCfg = Debug|Any CPU
		{596D3128-D18F-49F0-A7AD-2D94362819B8}.Debug|Any CPU.Build.0 = Debug|Any CPU
		{596D3128-D18F-49F0-A7AD-2D94362819B8}.Debug|x64.ActiveCfg = Debug|Any CPU
		{596D3128-D18F-49F0-A7AD-2D94362819B8}.Debug|x64.Build.0 = Debug|Any CPU
		{596D3128-D18F-49F0-A7AD-2D94362819B8}.Release|Any CPU.ActiveCfg = Release|Any CPU
		{596D3128-D18F-49F0-A7AD-2D94362819B8}.Release|Any CPU.Build.0 = Release|Any CPU
		{596D3128-D18F-49F0-A7AD-2D94362819B8}.Release|x64.ActiveCfg = Release|Any CPU
		{596D3128-D18F-49F0-A7AD-2D94362819B8}.Release|x64.Build.0 = Release|Any CPU
		{29ECC1BD-65CC-49DB-8721-EE109562EB07}.Debug|Any CPU.ActiveCfg = Debug|Any CPU
		{29ECC1BD-65CC-49DB-8721-EE109562EB07}.Debug|Any CPU.Build.0 = Debug|Any CPU
		{29ECC1BD-65CC-49DB-8721-EE109562EB07}.Debug|x64.ActiveCfg = Debug|Any CPU
		{29ECC1BD-65CC-49DB-8721-EE109562EB07}.Debug|x64.Build.0 = Debug|Any CPU
		{29ECC1BD-65CC-49DB-8721-EE109562EB07}.Release|Any CPU.ActiveCfg = Release|Any CPU
		{29ECC1BD-65CC-49DB-8721-EE109562EB07}.Release|Any CPU.Build.0 = Release|Any CPU
		{29ECC1BD-65CC-49DB-8721-EE109562EB07}.Release|x64.ActiveCfg = Release|Any CPU
		{29ECC1BD-65CC-49DB-8721-EE109562EB07}.Release|x64.Build.0 = Release|Any CPU
		{E0F21CB3-0206-44D2-9CC4-25370597F777}.Debug|Any CPU.ActiveCfg = Debug|Any CPU
		{E0F21CB3-0206-44D2-9CC4-25370597F777}.Debug|Any CPU.Build.0 = Debug|Any CPU
		{E0F21CB3-0206-44D2-9CC4-25370597F777}.Debug|x64.ActiveCfg = Debug|Any CPU
		{E0F21CB3-0206-44D2-9CC4-25370597F777}.Debug|x64.Build.0 = Debug|Any CPU
		{E0F21CB3-0206-44D2-9CC4-25370597F777}.Release|Any CPU.ActiveCfg = Release|Any CPU
		{E0F21CB3-0206-44D2-9CC4-25370597F777}.Release|Any CPU.Build.0 = Release|Any CPU
		{E0F21CB3-0206-44D2-9CC4-25370597F777}.Release|x64.ActiveCfg = Release|Any CPU
		{E0F21CB3-0206-44D2-9CC4-25370597F777}.Release|x64.Build.0 = Release|Any CPU
		{79003AC2-B9AF-4F51-AA95-C061771A9689}.Debug|Any CPU.ActiveCfg = Debug|Any CPU
		{79003AC2-B9AF-4F51-AA95-C061771A9689}.Debug|Any CPU.Build.0 = Debug|Any CPU
		{79003AC2-B9AF-4F51-AA95-C061771A9689}.Debug|x64.ActiveCfg = Debug|Any CPU
		{79003AC2-B9AF-4F51-AA95-C061771A9689}.Debug|x64.Build.0 = Debug|Any CPU
		{79003AC2-B9AF-4F51-AA95-C061771A9689}.Release|Any CPU.ActiveCfg = Release|Any CPU
		{79003AC2-B9AF-4F51-AA95-C061771A9689}.Release|Any CPU.Build.0 = Release|Any CPU
		{79003AC2-B9AF-4F51-AA95-C061771A9689}.Release|x64.ActiveCfg = Release|Any CPU
		{79003AC2-B9AF-4F51-AA95-C061771A9689}.Release|x64.Build.0 = Release|Any CPU
		{D5ECDEE9-57D6-4321-A3EB-B4C6BC486C06}.Debug|Any CPU.ActiveCfg = Debug|Any CPU
		{D5ECDEE9-57D6-4321-A3EB-B4C6BC486C06}.Debug|Any CPU.Build.0 = Debug|Any CPU
		{D5ECDEE9-57D6-4321-A3EB-B4C6BC486C06}.Debug|x64.ActiveCfg = Debug|Any CPU
		{D5ECDEE9-57D6-4321-A3EB-B4C6BC486C06}.Debug|x64.Build.0 = Debug|Any CPU
		{D5ECDEE9-57D6-4321-A3EB-B4C6BC486C06}.Release|Any CPU.ActiveCfg = Release|Any CPU
		{D5ECDEE9-57D6-4321-A3EB-B4C6BC486C06}.Release|Any CPU.Build.0 = Release|Any CPU
		{D5ECDEE9-57D6-4321-A3EB-B4C6BC486C06}.Release|x64.ActiveCfg = Release|Any CPU
		{D5ECDEE9-57D6-4321-A3EB-B4C6BC486C06}.Release|x64.Build.0 = Release|Any CPU
		{39D881BC-D794-4485-8B59-8FEB01A8140C}.Debug|Any CPU.ActiveCfg = Debug|Any CPU
		{39D881BC-D794-4485-8B59-8FEB01A8140C}.Debug|Any CPU.Build.0 = Debug|Any CPU
		{39D881BC-D794-4485-8B59-8FEB01A8140C}.Debug|x64.ActiveCfg = Debug|Any CPU
		{39D881BC-D794-4485-8B59-8FEB01A8140C}.Debug|x64.Build.0 = Debug|Any CPU
		{39D881BC-D794-4485-8B59-8FEB01A8140C}.Release|Any CPU.ActiveCfg = Release|Any CPU
		{39D881BC-D794-4485-8B59-8FEB01A8140C}.Release|Any CPU.Build.0 = Release|Any CPU
		{39D881BC-D794-4485-8B59-8FEB01A8140C}.Release|x64.ActiveCfg = Release|Any CPU
		{39D881BC-D794-4485-8B59-8FEB01A8140C}.Release|x64.Build.0 = Release|Any CPU
		{F09F3647-D7BB-40B6-9381-C95217293CD3}.Debug|Any CPU.ActiveCfg = Debug|Any CPU
		{F09F3647-D7BB-40B6-9381-C95217293CD3}.Debug|Any CPU.Build.0 = Debug|Any CPU
		{F09F3647-D7BB-40B6-9381-C95217293CD3}.Debug|x64.ActiveCfg = Debug|Any CPU
		{F09F3647-D7BB-40B6-9381-C95217293CD3}.Debug|x64.Build.0 = Debug|Any CPU
		{F09F3647-D7BB-40B6-9381-C95217293CD3}.Release|Any CPU.ActiveCfg = Release|Any CPU
		{F09F3647-D7BB-40B6-9381-C95217293CD3}.Release|Any CPU.Build.0 = Release|Any CPU
		{F09F3647-D7BB-40B6-9381-C95217293CD3}.Release|x64.ActiveCfg = Release|Any CPU
		{F09F3647-D7BB-40B6-9381-C95217293CD3}.Release|x64.Build.0 = Release|Any CPU
		{A7F38E85-F6D3-41B7-9B17-DC4B651EFB8D}.Debug|Any CPU.ActiveCfg = Debug|Any CPU
		{A7F38E85-F6D3-41B7-9B17-DC4B651EFB8D}.Debug|Any CPU.Build.0 = Debug|Any CPU
		{A7F38E85-F6D3-41B7-9B17-DC4B651EFB8D}.Debug|x64.ActiveCfg = Debug|Any CPU
		{A7F38E85-F6D3-41B7-9B17-DC4B651EFB8D}.Debug|x64.Build.0 = Debug|Any CPU
		{A7F38E85-F6D3-41B7-9B17-DC4B651EFB8D}.Release|Any CPU.ActiveCfg = Release|Any CPU
		{A7F38E85-F6D3-41B7-9B17-DC4B651EFB8D}.Release|Any CPU.Build.0 = Release|Any CPU
		{A7F38E85-F6D3-41B7-9B17-DC4B651EFB8D}.Release|x64.ActiveCfg = Release|Any CPU
		{A7F38E85-F6D3-41B7-9B17-DC4B651EFB8D}.Release|x64.Build.0 = Release|Any CPU
	EndGlobalSection
	GlobalSection(SolutionProperties) = preSolution
		HideSolutionNode = FALSE
	EndGlobalSection
	GlobalSection(NestedProjects) = preSolution
		{97D8404B-8C3C-4A15-BB44-F54C15C0DE67} = {4B330D21-2EE5-4C34-B716-0DB1FBC58E29}
		{232998A3-367A-46FE-B99D-2ECA7232D41C} = {4B330D21-2EE5-4C34-B716-0DB1FBC58E29}
		{596D3128-D18F-49F0-A7AD-2D94362819B8} = {4B330D21-2EE5-4C34-B716-0DB1FBC58E29}
		{29ECC1BD-65CC-49DB-8721-EE109562EB07} = {7E594B3F-4CA9-4198-B90D-DD16972D0481}
		{E0F21CB3-0206-44D2-9CC4-25370597F777} = {7E594B3F-4CA9-4198-B90D-DD16972D0481}
		{79003AC2-B9AF-4F51-AA95-C061771A9689} = {4B330D21-2EE5-4C34-B716-0DB1FBC58E29}
		{D5ECDEE9-57D6-4321-A3EB-B4C6BC486C06} = {77BC0AC3-41A6-4672-A3AB-9C27710756BE}
		{39D881BC-D794-4485-8B59-8FEB01A8140C} = {7E594B3F-4CA9-4198-B90D-DD16972D0481}
		{F09F3647-D7BB-40B6-9381-C95217293CD3} = {77BC0AC3-41A6-4672-A3AB-9C27710756BE}
		{A7F38E85-F6D3-41B7-9B17-DC4B651EFB8D} = {77BC0AC3-41A6-4672-A3AB-9C27710756BE}
	EndGlobalSection
EndGlobal
